// !$*UTF8*$!
{
	archiveVersion = 1;
	classes = {
	};
	objectVersion = 50;
	objects = {

/* Begin PBXBuildFile section */
		6590190122FDF84100DA692E /* AppDelegate.swift in Sources */ = {isa = PBXBuildFile; fileRef = 6590190022FDF84100DA692E /* AppDelegate.swift */; };
		6590190322FDF84100DA692E /* MasterViewController.swift in Sources */ = {isa = PBXBuildFile; fileRef = 6590190222FDF84100DA692E /* MasterViewController.swift */; };
		6590190522FDF84100DA692E /* DetailViewController.swift in Sources */ = {isa = PBXBuildFile; fileRef = 6590190422FDF84100DA692E /* DetailViewController.swift */; };
		6590190822FDF84100DA692E /* Main.storyboard in Resources */ = {isa = PBXBuildFile; fileRef = 6590190622FDF84100DA692E /* Main.storyboard */; };
		6590190A22FDF84400DA692E /* Assets.xcassets in Resources */ = {isa = PBXBuildFile; fileRef = 6590190922FDF84400DA692E /* Assets.xcassets */; };
		6590190D22FDF84400DA692E /* LaunchScreen.storyboard in Resources */ = {isa = PBXBuildFile; fileRef = 6590190B22FDF84400DA692E /* LaunchScreen.storyboard */; };
		6590191822FDF84400DA692E /* Save_a_Life_ProjectTests.swift in Sources */ = {isa = PBXBuildFile; fileRef = 6590191722FDF84400DA692E /* Save_a_Life_ProjectTests.swift */; };
		6590192322FDF84400DA692E /* Save_a_Life_ProjectUITests.swift in Sources */ = {isa = PBXBuildFile; fileRef = 6590192222FDF84400DA692E /* Save_a_Life_ProjectUITests.swift */; };
/* End PBXBuildFile section */

/* Begin PBXContainerItemProxy section */
		6590191422FDF84400DA692E /* PBXContainerItemProxy */ = {
			isa = PBXContainerItemProxy;
			containerPortal = 659018F522FDF84100DA692E /* Project object */;
			proxyType = 1;
			remoteGlobalIDString = 659018FC22FDF84100DA692E;
			remoteInfo = "Save a Life Project";
		};
		6590191F22FDF84400DA692E /* PBXContainerItemProxy */ = {
			isa = PBXContainerItemProxy;
			containerPortal = 659018F522FDF84100DA692E /* Project object */;
			proxyType = 1;
			remoteGlobalIDString = 659018FC22FDF84100DA692E;
			remoteInfo = "Save a Life Project";
		};
/* End PBXContainerItemProxy section */

/* Begin PBXFileReference section */
		659018FD22FDF84100DA692E /* Save a Life Project.app */ = {isa = PBXFileReference; explicitFileType = wrapper.application; includeInIndex = 0; path = "Save a Life Project.app"; sourceTree = BUILT_PRODUCTS_DIR; };
		6590190022FDF84100DA692E /* AppDelegate.swift */ = {isa = PBXFileReference; lastKnownFileType = sourcecode.swift; path = AppDelegate.swift; sourceTree = "<group>"; };
		6590190222FDF84100DA692E /* MasterViewController.swift */ = {isa = PBXFileReference; lastKnownFileType = sourcecode.swift; path = MasterViewController.swift; sourceTree = "<group>"; };
		6590190422FDF84100DA692E /* DetailViewController.swift */ = {isa = PBXFileReference; lastKnownFileType = sourcecode.swift; path = DetailViewController.swift; sourceTree = "<group>"; };
		6590190722FDF84100DA692E /* Base */ = {isa = PBXFileReference; lastKnownFileType = file.storyboard; name = Base; path = Base.lproj/Main.storyboard; sourceTree = "<group>"; };
		6590190922FDF84400DA692E /* Assets.xcassets */ = {isa = PBXFileReference; lastKnownFileType = folder.assetcatalog; path = Assets.xcassets; sourceTree = "<group>"; };
		6590190C22FDF84400DA692E /* Base */ = {isa = PBXFileReference; lastKnownFileType = file.storyboard; name = Base; path = Base.lproj/LaunchScreen.storyboard; sourceTree = "<group>"; };
		6590190E22FDF84400DA692E /* Info.plist */ = {isa = PBXFileReference; lastKnownFileType = text.plist.xml; path = Info.plist; sourceTree = "<group>"; };
		6590191322FDF84400DA692E /* Save a Life ProjectTests.xctest */ = {isa = PBXFileReference; explicitFileType = wrapper.cfbundle; includeInIndex = 0; path = "Save a Life ProjectTests.xctest"; sourceTree = BUILT_PRODUCTS_DIR; };
		6590191722FDF84400DA692E /* Save_a_Life_ProjectTests.swift */ = {isa = PBXFileReference; lastKnownFileType = sourcecode.swift; path = Save_a_Life_ProjectTests.swift; sourceTree = "<group>"; };
		6590191922FDF84400DA692E /* Info.plist */ = {isa = PBXFileReference; lastKnownFileType = text.plist.xml; path = Info.plist; sourceTree = "<group>"; };
		6590191E22FDF84400DA692E /* Save a Life ProjectUITests.xctest */ = {isa = PBXFileReference; explicitFileType = wrapper.cfbundle; includeInIndex = 0; path = "Save a Life ProjectUITests.xctest"; sourceTree = BUILT_PRODUCTS_DIR; };
		6590192222FDF84400DA692E /* Save_a_Life_ProjectUITests.swift */ = {isa = PBXFileReference; lastKnownFileType = sourcecode.swift; path = Save_a_Life_ProjectUITests.swift; sourceTree = "<group>"; };
		6590192422FDF84400DA692E /* Info.plist */ = {isa = PBXFileReference; lastKnownFileType = text.plist.xml; path = Info.plist; sourceTree = "<group>"; };
/* End PBXFileReference section */

/* Begin PBXFrameworksBuildPhase section */
		659018FA22FDF84100DA692E /* Frameworks */ = {
			isa = PBXFrameworksBuildPhase;
			buildActionMask = 2147483647;
			files = (
			);
			runOnlyForDeploymentPostprocessing = 0;
		};
		6590191022FDF84400DA692E /* Frameworks */ = {
			isa = PBXFrameworksBuildPhase;
			buildActionMask = 2147483647;
			files = (
			);
			runOnlyForDeploymentPostprocessing = 0;
		};
		6590191B22FDF84400DA692E /* Frameworks */ = {
			isa = PBXFrameworksBuildPhase;
			buildActionMask = 2147483647;
			files = (
			);
			runOnlyForDeploymentPostprocessing = 0;
		};
/* End PBXFrameworksBuildPhase section */

/* Begin PBXGroup section */
		659018F422FDF84100DA692E = {
			isa = PBXGroup;
			children = (
				659018FF22FDF84100DA692E /* Save a Life Project */,
				6590191622FDF84400DA692E /* Save a Life ProjectTests */,
				6590192122FDF84400DA692E /* Save a Life ProjectUITests */,
				659018FE22FDF84100DA692E /* Products */,
			);
			sourceTree = "<group>";
		};
		659018FE22FDF84100DA692E /* Products */ = {
			isa = PBXGroup;
			children = (
				659018FD22FDF84100DA692E /* Save a Life Project.app */,
				6590191322FDF84400DA692E /* Save a Life ProjectTests.xctest */,
				6590191E22FDF84400DA692E /* Save a Life ProjectUITests.xctest */,
			);
			name = Products;
			sourceTree = "<group>";
		};
		659018FF22FDF84100DA692E /* Save a Life Project */ = {
			isa = PBXGroup;
			children = (
				6590190022FDF84100DA692E /* AppDelegate.swift */,
				6590190222FDF84100DA692E /* MasterViewController.swift */,
				6590190422FDF84100DA692E /* DetailViewController.swift */,
				6590190622FDF84100DA692E /* Main.storyboard */,
				6590190922FDF84400DA692E /* Assets.xcassets */,
				6590190B22FDF84400DA692E /* LaunchScreen.storyboard */,
				6590190E22FDF84400DA692E /* Info.plist */,
			);
			path = "Save a Life Project";
			sourceTree = "<group>";
		};
		6590191622FDF84400DA692E /* Save a Life ProjectTests */ = {
			isa = PBXGroup;
			children = (
				6590191722FDF84400DA692E /* Save_a_Life_ProjectTests.swift */,
				6590191922FDF84400DA692E /* Info.plist */,
			);
			path = "Save a Life ProjectTests";
			sourceTree = "<group>";
		};
		6590192122FDF84400DA692E /* Save a Life ProjectUITests */ = {
			isa = PBXGroup;
			children = (
				6590192222FDF84400DA692E /* Save_a_Life_ProjectUITests.swift */,
				6590192422FDF84400DA692E /* Info.plist */,
			);
			path = "Save a Life ProjectUITests";
			sourceTree = "<group>";
		};
/* End PBXGroup section */

/* Begin PBXNativeTarget section */
		659018FC22FDF84100DA692E /* Save a Life Project */ = {
			isa = PBXNativeTarget;
			buildConfigurationList = 6590192722FDF84400DA692E /* Build configuration list for PBXNativeTarget "Save a Life Project" */;
			buildPhases = (
				659018F922FDF84100DA692E /* Sources */,
				659018FA22FDF84100DA692E /* Frameworks */,
				659018FB22FDF84100DA692E /* Resources */,
			);
			buildRules = (
			);
			dependencies = (
			);
			name = "Save a Life Project";
			productName = "Save a Life Project";
			productReference = 659018FD22FDF84100DA692E /* Save a Life Project.app */;
			productType = "com.apple.product-type.application";
		};
		6590191222FDF84400DA692E /* Save a Life ProjectTests */ = {
			isa = PBXNativeTarget;
			buildConfigurationList = 6590192A22FDF84400DA692E /* Build configuration list for PBXNativeTarget "Save a Life ProjectTests" */;
			buildPhases = (
				6590190F22FDF84400DA692E /* Sources */,
				6590191022FDF84400DA692E /* Frameworks */,
				6590191122FDF84400DA692E /* Resources */,
			);
			buildRules = (
			);
			dependencies = (
				6590191522FDF84400DA692E /* PBXTargetDependency */,
			);
			name = "Save a Life ProjectTests";
			productName = "Save a Life ProjectTests";
			productReference = 6590191322FDF84400DA692E /* Save a Life ProjectTests.xctest */;
			productType = "com.apple.product-type.bundle.unit-test";
		};
		6590191D22FDF84400DA692E /* Save a Life ProjectUITests */ = {
			isa = PBXNativeTarget;
			buildConfigurationList = 6590192D22FDF84400DA692E /* Build configuration list for PBXNativeTarget "Save a Life ProjectUITests" */;
			buildPhases = (
				6590191A22FDF84400DA692E /* Sources */,
				6590191B22FDF84400DA692E /* Frameworks */,
				6590191C22FDF84400DA692E /* Resources */,
			);
			buildRules = (
			);
			dependencies = (
				6590192022FDF84400DA692E /* PBXTargetDependency */,
			);
			name = "Save a Life ProjectUITests";
			productName = "Save a Life ProjectUITests";
			productReference = 6590191E22FDF84400DA692E /* Save a Life ProjectUITests.xctest */;
			productType = "com.apple.product-type.bundle.ui-testing";
		};
/* End PBXNativeTarget section */

/* Begin PBXProject section */
		659018F522FDF84100DA692E /* Project object */ = {
			isa = PBXProject;
			attributes = {
				LastSwiftUpdateCheck = 1100;
				LastUpgradeCheck = 1100;
				ORGANIZATIONNAME = "Brenna Nieva";
				TargetAttributes = {
					659018FC22FDF84100DA692E = {
						CreatedOnToolsVersion = 11.0;
					};
					6590191222FDF84400DA692E = {
						CreatedOnToolsVersion = 11.0;
						TestTargetID = 659018FC22FDF84100DA692E;
					};
					6590191D22FDF84400DA692E = {
						CreatedOnToolsVersion = 11.0;
						TestTargetID = 659018FC22FDF84100DA692E;
					};
				};
			};
			buildConfigurationList = 659018F822FDF84100DA692E /* Build configuration list for PBXProject "Save a Life Project" */;
			compatibilityVersion = "Xcode 9.3";
			developmentRegion = en;
			hasScannedForEncodings = 0;
			knownRegions = (
				en,
				Base,
			);
			mainGroup = 659018F422FDF84100DA692E;
			productRefGroup = 659018FE22FDF84100DA692E /* Products */;
			projectDirPath = "";
			projectRoot = "";
			targets = (
				659018FC22FDF84100DA692E /* Save a Life Project */,
				6590191222FDF84400DA692E /* Save a Life ProjectTests */,
				6590191D22FDF84400DA692E /* Save a Life ProjectUITests */,
			);
		};
/* End PBXProject section */

/* Begin PBXResourcesBuildPhase section */
		659018FB22FDF84100DA692E /* Resources */ = {
			isa = PBXResourcesBuildPhase;
			buildActionMask = 2147483647;
			files = (
				6590190D22FDF84400DA692E /* LaunchScreen.storyboard in Resources */,
				6590190A22FDF84400DA692E /* Assets.xcassets in Resources */,
				6590190822FDF84100DA692E /* Main.storyboard in Resources */,
			);
			runOnlyForDeploymentPostprocessing = 0;
		};
		6590191122FDF84400DA692E /* Resources */ = {
			isa = PBXResourcesBuildPhase;
			buildActionMask = 2147483647;
			files = (
			);
			runOnlyForDeploymentPostprocessing = 0;
		};
		6590191C22FDF84400DA692E /* Resources */ = {
			isa = PBXResourcesBuildPhase;
			buildActionMask = 2147483647;
			files = (
			);
			runOnlyForDeploymentPostprocessing = 0;
		};
/* End PBXResourcesBuildPhase section */

/* Begin PBXSourcesBuildPhase section */
		659018F922FDF84100DA692E /* Sources */ = {
			isa = PBXSourcesBuildPhase;
			buildActionMask = 2147483647;
			files = (
				6590190522FDF84100DA692E /* DetailViewController.swift in Sources */,
				6590190322FDF84100DA692E /* MasterViewController.swift in Sources */,
				6590190122FDF84100DA692E /* AppDelegate.swift in Sources */,
			);
			runOnlyForDeploymentPostprocessing = 0;
		};
		6590190F22FDF84400DA692E /* Sources */ = {
			isa = PBXSourcesBuildPhase;
			buildActionMask = 2147483647;
			files = (
				6590191822FDF84400DA692E /* Save_a_Life_ProjectTests.swift in Sources */,
			);
			runOnlyForDeploymentPostprocessing = 0;
		};
		6590191A22FDF84400DA692E /* Sources */ = {
			isa = PBXSourcesBuildPhase;
			buildActionMask = 2147483647;
			files = (
				6590192322FDF84400DA692E /* Save_a_Life_ProjectUITests.swift in Sources */,
			);
			runOnlyForDeploymentPostprocessing = 0;
		};
/* End PBXSourcesBuildPhase section */

/* Begin PBXTargetDependency section */
		6590191522FDF84400DA692E /* PBXTargetDependency */ = {
			isa = PBXTargetDependency;
			target = 659018FC22FDF84100DA692E /* Save a Life Project */;
			targetProxy = 6590191422FDF84400DA692E /* PBXContainerItemProxy */;
		};
		6590192022FDF84400DA692E /* PBXTargetDependency */ = {
			isa = PBXTargetDependency;
			target = 659018FC22FDF84100DA692E /* Save a Life Project */;
			targetProxy = 6590191F22FDF84400DA692E /* PBXContainerItemProxy */;
		};
/* End PBXTargetDependency section */

/* Begin PBXVariantGroup section */
		6590190622FDF84100DA692E /* Main.storyboard */ = {
			isa = PBXVariantGroup;
			children = (
				6590190722FDF84100DA692E /* Base */,
			);
			name = Main.storyboard;
			sourceTree = "<group>";
		};
		6590190B22FDF84400DA692E /* LaunchScreen.storyboard */ = {
			isa = PBXVariantGroup;
			children = (
				6590190C22FDF84400DA692E /* Base */,
			);
			name = LaunchScreen.storyboard;
			sourceTree = "<group>";
		};
/* End PBXVariantGroup section */

/* Begin XCBuildConfiguration section */
		6590192522FDF84400DA692E /* Debug */ = {
			isa = XCBuildConfiguration;
			buildSettings = {
				ALWAYS_SEARCH_USER_PATHS = NO;
				CLANG_ANALYZER_NONNULL = YES;
				CLANG_ANALYZER_NUMBER_OBJECT_CONVERSION = YES_AGGRESSIVE;
				CLANG_CXX_LANGUAGE_STANDARD = "gnu++14";
				CLANG_CXX_LIBRARY = "libc++";
				CLANG_ENABLE_MODULES = YES;
				CLANG_ENABLE_OBJC_ARC = YES;
				CLANG_ENABLE_OBJC_WEAK = YES;
				CLANG_WARN_BLOCK_CAPTURE_AUTORELEASING = YES;
				CLANG_WARN_BOOL_CONVERSION = YES;
				CLANG_WARN_COMMA = YES;
				CLANG_WARN_CONSTANT_CONVERSION = YES;
				CLANG_WARN_DEPRECATED_OBJC_IMPLEMENTATIONS = YES;
				CLANG_WARN_DIRECT_OBJC_ISA_USAGE = YES_ERROR;
				CLANG_WARN_DOCUMENTATION_COMMENTS = YES;
				CLANG_WARN_EMPTY_BODY = YES;
				CLANG_WARN_ENUM_CONVERSION = YES;
				CLANG_WARN_INFINITE_RECURSION = YES;
				CLANG_WARN_INT_CONVERSION = YES;
				CLANG_WARN_NON_LITERAL_NULL_CONVERSION = YES;
				CLANG_WARN_OBJC_IMPLICIT_RETAIN_SELF = YES;
				CLANG_WARN_OBJC_LITERAL_CONVERSION = YES;
				CLANG_WARN_OBJC_ROOT_CLASS = YES_ERROR;
				CLANG_WARN_RANGE_LOOP_ANALYSIS = YES;
				CLANG_WARN_STRICT_PROTOTYPES = YES;
				CLANG_WARN_SUSPICIOUS_MOVE = YES;
				CLANG_WARN_UNGUARDED_AVAILABILITY = YES_AGGRESSIVE;
				CLANG_WARN_UNREACHABLE_CODE = YES;
				CLANG_WARN__DUPLICATE_METHOD_MATCH = YES;
				COPY_PHASE_STRIP = NO;
				DEBUG_INFORMATION_FORMAT = dwarf;
				ENABLE_STRICT_OBJC_MSGSEND = YES;
				ENABLE_TESTABILITY = YES;
				GCC_C_LANGUAGE_STANDARD = gnu11;
				GCC_DYNAMIC_NO_PIC = NO;
				GCC_NO_COMMON_BLOCKS = YES;
				GCC_OPTIMIZATION_LEVEL = 0;
				GCC_PREPROCESSOR_DEFINITIONS = (
					"DEBUG=1",
					"$(inherited)",
				);
				GCC_WARN_64_TO_32_BIT_CONVERSION = YES;
				GCC_WARN_ABOUT_RETURN_TYPE = YES_ERROR;
				GCC_WARN_UNDECLARED_SELECTOR = YES;
				GCC_WARN_UNINITIALIZED_AUTOS = YES_AGGRESSIVE;
				GCC_WARN_UNUSED_FUNCTION = YES;
				GCC_WARN_UNUSED_VARIABLE = YES;
				IPHONEOS_DEPLOYMENT_TARGET = 13.0;
				MTL_ENABLE_DEBUG_INFO = INCLUDE_SOURCE;
				MTL_FAST_MATH = YES;
				ONLY_ACTIVE_ARCH = YES;
				SDKROOT = iphoneos;
				SWIFT_ACTIVE_COMPILATION_CONDITIONS = DEBUG;
				SWIFT_OPTIMIZATION_LEVEL = "-Onone";
			};
			name = Debug;
		};
		6590192622FDF84400DA692E /* Release */ = {
			isa = XCBuildConfiguration;
			buildSettings = {
				ALWAYS_SEARCH_USER_PATHS = NO;
				CLANG_ANALYZER_NONNULL = YES;
				CLANG_ANALYZER_NUMBER_OBJECT_CONVERSION = YES_AGGRESSIVE;
				CLANG_CXX_LANGUAGE_STANDARD = "gnu++14";
				CLANG_CXX_LIBRARY = "libc++";
				CLANG_ENABLE_MODULES = YES;
				CLANG_ENABLE_OBJC_ARC = YES;
				CLANG_ENABLE_OBJC_WEAK = YES;
				CLANG_WARN_BLOCK_CAPTURE_AUTORELEASING = YES;
				CLANG_WARN_BOOL_CONVERSION = YES;
				CLANG_WARN_COMMA = YES;
				CLANG_WARN_CONSTANT_CONVERSION = YES;
				CLANG_WARN_DEPRECATED_OBJC_IMPLEMENTATIONS = YES;
				CLANG_WARN_DIRECT_OBJC_ISA_USAGE = YES_ERROR;
				CLANG_WARN_DOCUMENTATION_COMMENTS = YES;
				CLANG_WARN_EMPTY_BODY = YES;
				CLANG_WARN_ENUM_CONVERSION = YES;
				CLANG_WARN_INFINITE_RECURSION = YES;
				CLANG_WARN_INT_CONVERSION = YES;
				CLANG_WARN_NON_LITERAL_NULL_CONVERSION = YES;
				CLANG_WARN_OBJC_IMPLICIT_RETAIN_SELF = YES;
				CLANG_WARN_OBJC_LITERAL_CONVERSION = YES;
				CLANG_WARN_OBJC_ROOT_CLASS = YES_ERROR;
				CLANG_WARN_RANGE_LOOP_ANALYSIS = YES;
				CLANG_WARN_STRICT_PROTOTYPES = YES;
				CLANG_WARN_SUSPICIOUS_MOVE = YES;
				CLANG_WARN_UNGUARDED_AVAILABILITY = YES_AGGRESSIVE;
				CLANG_WARN_UNREACHABLE_CODE = YES;
				CLANG_WARN__DUPLICATE_METHOD_MATCH = YES;
				COPY_PHASE_STRIP = NO;
				DEBUG_INFORMATION_FORMAT = "dwarf-with-dsym";
				ENABLE_NS_ASSERTIONS = NO;
				ENABLE_STRICT_OBJC_MSGSEND = YES;
				GCC_C_LANGUAGE_STANDARD = gnu11;
				GCC_NO_COMMON_BLOCKS = YES;
				GCC_WARN_64_TO_32_BIT_CONVERSION = YES;
				GCC_WARN_ABOUT_RETURN_TYPE = YES_ERROR;
				GCC_WARN_UNDECLARED_SELECTOR = YES;
				GCC_WARN_UNINITIALIZED_AUTOS = YES_AGGRESSIVE;
				GCC_WARN_UNUSED_FUNCTION = YES;
				GCC_WARN_UNUSED_VARIABLE = YES;
				IPHONEOS_DEPLOYMENT_TARGET = 13.0;
				MTL_ENABLE_DEBUG_INFO = NO;
				MTL_FAST_MATH = YES;
				SDKROOT = iphoneos;
				SWIFT_COMPILATION_MODE = wholemodule;
				SWIFT_OPTIMIZATION_LEVEL = "-O";
				VALIDATE_PRODUCT = YES;
			};
			name = Release;
		};
		6590192822FDF84400DA692E /* Debug */ = {
			isa = XCBuildConfiguration;
			buildSettings = {
				ASSETCATALOG_COMPILER_APPICON_NAME = AppIcon;
				CODE_SIGN_STYLE = Automatic;
				INFOPLIST_FILE = "Save a Life Project/Info.plist";
				LD_RUNPATH_SEARCH_PATHS = (
					"$(inherited)",
					"@executable_path/Frameworks",
				);
				PRODUCT_BUNDLE_IDENTIFIER = "com.example.Save-a-Life-Project";
				PRODUCT_NAME = "$(TARGET_NAME)";
				SWIFT_VERSION = 5.0;
				TARGETED_DEVICE_FAMILY = "1,2";
			};
			name = Debug;
		};
		6590192922FDF84400DA692E /* Release */ = {
			isa = XCBuildConfiguration;
			buildSettings = {
				ASSETCATALOG_COMPILER_APPICON_NAME = AppIcon;
				CODE_SIGN_STYLE = Automatic;
				INFOPLIST_FILE = "Save a Life Project/Info.plist";
				LD_RUNPATH_SEARCH_PATHS = (
					"$(inherited)",
					"@executable_path/Frameworks",
				);
				PRODUCT_BUNDLE_IDENTIFIER = "com.example.Save-a-Life-Project";
				PRODUCT_NAME = "$(TARGET_NAME)";
				SWIFT_VERSION = 5.0;
				TARGETED_DEVICE_FAMILY = "1,2";
			};
			name = Release;
		};
		6590192B22FDF84400DA692E /* Debug */ = {
			isa = XCBuildConfiguration;
			buildSettings = {
				ALWAYS_EMBED_SWIFT_STANDARD_LIBRARIES = YES;
				BUNDLE_LOADER = "$(TEST_HOST)";
				CODE_SIGN_STYLE = Automatic;
				INFOPLIST_FILE = "Save a Life ProjectTests/Info.plist";
				LD_RUNPATH_SEARCH_PATHS = (
					"$(inherited)",
					"@executable_path/Frameworks",
					"@loader_path/Frameworks",
				);
				PRODUCT_BUNDLE_IDENTIFIER = "com.example.Save-a-Life-ProjectTests";
				PRODUCT_NAME = "$(TARGET_NAME)";
				SWIFT_VERSION = 5.0;
				TARGETED_DEVICE_FAMILY = "1,2";
				TEST_HOST = "$(BUILT_PRODUCTS_DIR)/Save a Life Project.app/Save a Life Project";
			};
			name = Debug;
		};
		6590192C22FDF84400DA692E /* Release */ = {
			isa = XCBuildConfiguration;
			buildSettings = {
				ALWAYS_EMBED_SWIFT_STANDARD_LIBRARIES = YES;
				BUNDLE_LOADER = "$(TEST_HOST)";
				CODE_SIGN_STYLE = Automatic;
				INFOPLIST_FILE = "Save a Life ProjectTests/Info.plist";
				LD_RUNPATH_SEARCH_PATHS = (
					"$(inherited)",
					"@executable_path/Frameworks",
					"@loader_path/Frameworks",
				);
				PRODUCT_BUNDLE_IDENTIFIER = "com.example.Save-a-Life-ProjectTests";
				PRODUCT_NAME = "$(TARGET_NAME)";
				SWIFT_VERSION = 5.0;
				TARGETED_DEVICE_FAMILY = "1,2";
				TEST_HOST = "$(BUILT_PRODUCTS_DIR)/Save a Life Project.app/Save a Life Project";
			};
			name = Release;
		};
		6590192E22FDF84400DA692E /* Debug */ = {
			isa = XCBuildConfiguration;
			buildSettings = {
				ALWAYS_EMBED_SWIFT_STANDARD_LIBRARIES = YES;
				CODE_SIGN_STYLE = Automatic;
				INFOPLIST_FILE = "Save a Life ProjectUITests/Info.plist";
				LD_RUNPATH_SEARCH_PATHS = (
					"$(inherited)",
					"@executable_path/Frameworks",
					"@loader_path/Frameworks",
				);
				PRODUCT_BUNDLE_IDENTIFIER = "com.example.Save-a-Life-ProjectUITests";
				PRODUCT_NAME = "$(TARGET_NAME)";
				SWIFT_VERSION = 5.0;
				TARGETED_DEVICE_FAMILY = "1,2";
				TEST_TARGET_NAME = "Save a Life Project";
			};
			name = Debug;
		};
		6590192F22FDF84400DA692E /* Release */ = {
			isa = XCBuildConfiguration;
			buildSettings = {
				ALWAYS_EMBED_SWIFT_STANDARD_LIBRARIES = YES;
				CODE_SIGN_STYLE = Automatic;
				INFOPLIST_FILE = "Save a Life ProjectUITests/Info.plist";
				LD_RUNPATH_SEARCH_PATHS = (
					"$(inherited)",
					"@executable_path/Frameworks",
					"@loader_path/Frameworks",
				);
				PRODUCT_BUNDLE_IDENTIFIER = "com.example.Save-a-Life-ProjectUITests";
				PRODUCT_NAME = "$(TARGET_NAME)";
				SWIFT_VERSION = 5.0;
				TARGETED_DEVICE_FAMILY = "1,2";
				TEST_TARGET_NAME = "Save a Life Project";
			};
			name = Release;
		};
/* End XCBuildConfiguration section */

/* Begin XCConfigurationList section */
		659018F822FDF84100DA692E /* Build configuration list for PBXProject "Save a Life Project" */ = {
			isa = XCConfigurationList;
			buildConfigurations = (
				6590192522FDF84400DA692E /* Debug */,
				6590192622FDF84400DA692E /* Release */,
			);
			defaultConfigurationIsVisible = 0;
			defaultConfigurationName = Release;
		};
		6590192722FDF84400DA692E /* Build configuration list for PBXNativeTarget "Save a Life Project" */ = {
			isa = XCConfigurationList;
			buildConfigurations = (
				6590192822FDF84400DA692E /* Debug */,
				6590192922FDF84400DA692E /* Release */,
			);
			defaultConfigurationIsVisible = 0;
			defaultConfigurationName = Release;
		};
		6590192A22FDF84400DA692E /* Build configuration list for PBXNativeTarget "Save a Life ProjectTests" */ = {
			isa = XCConfigurationList;
			buildConfigurations = (
				6590192B22FDF84400DA692E /* Debug */,
				6590192C22FDF84400DA692E /* Release */,
			);
			defaultConfigurationIsVisible = 0;
			defaultConfigurationName = Release;
		};
		6590192D22FDF84400DA692E /* Build configuration list for PBXNativeTarget "Save a Life ProjectUITests" */ = {
			isa = XCConfigurationList;
			buildConfigurations = (
				6590192E22FDF84400DA692E /* Debug */,
				6590192F22FDF84400DA692E /* Release */,
			);
			defaultConfigurationIsVisible = 0;
			defaultConfigurationName = Release;
		};
/* End XCConfigurationList section */
	};
	rootObject = 659018F522FDF84100DA692E /* Project object */;
}
